// !$*UTF8*$!
{
	archiveVersion = 1;
	classes = {
	};
	objectVersion = 55;
	objects = {

/* Begin PBXBuildFile section */
		B5B1CD7528D4638F00ABF35F /* AppDelegate.swift in Sources */ = {isa = PBXBuildFile; fileRef = B5B1CD7428D4638F00ABF35F /* AppDelegate.swift */; };
		B5B1CD7728D4638F00ABF35F /* SceneDelegate.swift in Sources */ = {isa = PBXBuildFile; fileRef = B5B1CD7628D4638F00ABF35F /* SceneDelegate.swift */; };
		B5B1CD7928D4638F00ABF35F /* WelcomeVC.swift in Sources */ = {isa = PBXBuildFile; fileRef = B5B1CD7828D4638F00ABF35F /* WelcomeVC.swift */; };
		B5B1CD7C28D4638F00ABF35F /* Main.storyboard in Resources */ = {isa = PBXBuildFile; fileRef = B5B1CD7A28D4638F00ABF35F /* Main.storyboard */; };
		B5B1CD7E28D4639100ABF35F /* Assets.xcassets in Resources */ = {isa = PBXBuildFile; fileRef = B5B1CD7D28D4639100ABF35F /* Assets.xcassets */; };
		B5B1CD8128D4639100ABF35F /* LaunchScreen.storyboard in Resources */ = {isa = PBXBuildFile; fileRef = B5B1CD7F28D4639100ABF35F /* LaunchScreen.storyboard */; };
		B5B1CD8A28D474AB00ABF35F /* BorderButton.swift in Sources */ = {isa = PBXBuildFile; fileRef = B5B1CD8928D474AB00ABF35F /* BorderButton.swift */; };
		B5D40A3028D5E3C8008588F3 /* LeagueVC.swift in Sources */ = {isa = PBXBuildFile; fileRef = B5D40A2F28D5E3C8008588F3 /* LeagueVC.swift */; };
		B5D40A3228D5E3E7008588F3 /* SkillVC.swift in Sources */ = {isa = PBXBuildFile; fileRef = B5D40A3128D5E3E7008588F3 /* SkillVC.swift */; };
		B5D40A3628D6005A008588F3 /* Player.swift in Sources */ = {isa = PBXBuildFile; fileRef = B5D40A3528D6005A008588F3 /* Player.swift */; };
/* End PBXBuildFile section */

/* Begin PBXFileReference section */
		B5B1CD7128D4638F00ABF35F /* app-swoosh.app */ = {isa = PBXFileReference; explicitFileType = wrapper.application; includeInIndex = 0; path = "app-swoosh.app"; sourceTree = BUILT_PRODUCTS_DIR; };
		B5B1CD7428D4638F00ABF35F /* AppDelegate.swift */ = {isa = PBXFileReference; lastKnownFileType = sourcecode.swift; path = AppDelegate.swift; sourceTree = "<group>"; };
		B5B1CD7628D4638F00ABF35F /* SceneDelegate.swift */ = {isa = PBXFileReference; lastKnownFileType = sourcecode.swift; path = SceneDelegate.swift; sourceTree = "<group>"; };
		B5B1CD7828D4638F00ABF35F /* WelcomeVC.swift */ = {isa = PBXFileReference; lastKnownFileType = sourcecode.swift; path = WelcomeVC.swift; sourceTree = "<group>"; };
		B5B1CD7B28D4638F00ABF35F /* Base */ = {isa = PBXFileReference; lastKnownFileType = file.storyboard; name = Base; path = Base.lproj/Main.storyboard; sourceTree = "<group>"; };
		B5B1CD7D28D4639100ABF35F /* Assets.xcassets */ = {isa = PBXFileReference; lastKnownFileType = folder.assetcatalog; path = Assets.xcassets; sourceTree = "<group>"; };
		B5B1CD8028D4639100ABF35F /* Base */ = {isa = PBXFileReference; lastKnownFileType = file.storyboard; name = Base; path = Base.lproj/LaunchScreen.storyboard; sourceTree = "<group>"; };
		B5B1CD8228D4639100ABF35F /* Info.plist */ = {isa = PBXFileReference; lastKnownFileType = text.plist.xml; path = Info.plist; sourceTree = "<group>"; };
		B5B1CD8928D474AB00ABF35F /* BorderButton.swift */ = {isa = PBXFileReference; lastKnownFileType = sourcecode.swift; path = BorderButton.swift; sourceTree = "<group>"; };
		B5D40A2F28D5E3C8008588F3 /* LeagueVC.swift */ = {isa = PBXFileReference; lastKnownFileType = sourcecode.swift; path = LeagueVC.swift; sourceTree = "<group>"; };
		B5D40A3128D5E3E7008588F3 /* SkillVC.swift */ = {isa = PBXFileReference; lastKnownFileType = sourcecode.swift; path = SkillVC.swift; sourceTree = "<group>"; };
		B5D40A3528D6005A008588F3 /* Player.swift */ = {isa = PBXFileReference; lastKnownFileType = sourcecode.swift; path = Player.swift; sourceTree = "<group>"; };
/* End PBXFileReference section */

/* Begin PBXFrameworksBuildPhase section */
		B5B1CD6E28D4638F00ABF35F /* Frameworks */ = {
			isa = PBXFrameworksBuildPhase;
			buildActionMask = 2147483647;
			files = (
			);
			runOnlyForDeploymentPostprocessing = 0;
		};
/* End PBXFrameworksBuildPhase section */

/* Begin PBXGroup section */
		B5B1CD6828D4638F00ABF35F = {
			isa = PBXGroup;
			children = (
				B5B1CD7328D4638F00ABF35F /* app-swoosh */,
				B5B1CD7228D4638F00ABF35F /* Products */,
			);
			sourceTree = "<group>";
		};
		B5B1CD7228D4638F00ABF35F /* Products */ = {
			isa = PBXGroup;
			children = (
				B5B1CD7128D4638F00ABF35F /* app-swoosh.app */,
			);
			name = Products;
			sourceTree = "<group>";
		};
		B5B1CD7328D4638F00ABF35F /* app-swoosh */ = {
			isa = PBXGroup;
			children = (
				B5D40A2E28D5E30B008588F3 /* Model */,
				B5B1CD8828D4745A00ABF35F /* View */,
				B5D40A2D28D5E300008588F3 /* Controller */,
				B5B1CD7628D4638F00ABF35F /* SceneDelegate.swift */,
				B5B1CD7428D4638F00ABF35F /* AppDelegate.swift */,
				B5B1CD7A28D4638F00ABF35F /* Main.storyboard */,
				B5B1CD7D28D4639100ABF35F /* Assets.xcassets */,
				B5B1CD7F28D4639100ABF35F /* LaunchScreen.storyboard */,
				B5B1CD8228D4639100ABF35F /* Info.plist */,
			);
			path = "app-swoosh";
			sourceTree = "<group>";
		};
		B5B1CD8828D4745A00ABF35F /* View */ = {
			isa = PBXGroup;
			children = (
				B5B1CD8928D474AB00ABF35F /* BorderButton.swift */,
			);
			path = View;
			sourceTree = "<group>";
		};
		B5D40A2D28D5E300008588F3 /* Controller */ = {
			isa = PBXGroup;
			children = (
				B5B1CD7828D4638F00ABF35F /* WelcomeVC.swift */,
				B5D40A2F28D5E3C8008588F3 /* LeagueVC.swift */,
				B5D40A3128D5E3E7008588F3 /* SkillVC.swift */,
			);
			path = Controller;
			sourceTree = "<group>";
		};
		B5D40A2E28D5E30B008588F3 /* Model */ = {
			isa = PBXGroup;
			children = (
				B5D40A3528D6005A008588F3 /* Player.swift */,
			);
			path = Model;
			sourceTree = "<group>";
		};
/* End PBXGroup section */

/* Begin PBXNativeTarget section */
		B5B1CD7028D4638F00ABF35F /* app-swoosh */ = {
			isa = PBXNativeTarget;
			buildConfigurationList = B5B1CD8528D4639100ABF35F /* Build configuration list for PBXNativeTarget "app-swoosh" */;
			buildPhases = (
				B5B1CD6D28D4638F00ABF35F /* Sources */,
				B5B1CD6E28D4638F00ABF35F /* Frameworks */,
				B5B1CD6F28D4638F00ABF35F /* Resources */,
			);
			buildRules = (
			);
			dependencies = (
			);
			name = "app-swoosh";
			productName = "app-swoosh";
			productReference = B5B1CD7128D4638F00ABF35F /* app-swoosh.app */;
			productType = "com.apple.product-type.application";
		};
/* End PBXNativeTarget section */

/* Begin PBXProject section */
		B5B1CD6928D4638F00ABF35F /* Project object */ = {
			isa = PBXProject;
			attributes = {
				BuildIndependentTargetsInParallel = 1;
				LastSwiftUpdateCheck = 1340;
				LastUpgradeCheck = 1340;
				TargetAttributes = {
					B5B1CD7028D4638F00ABF35F = {
						CreatedOnToolsVersion = 13.4.1;
					};
				};
			};
			buildConfigurationList = B5B1CD6C28D4638F00ABF35F /* Build configuration list for PBXProject "app-swoosh" */;
			compatibilityVersion = "Xcode 13.0";
			developmentRegion = en;
			hasScannedForEncodings = 0;
			knownRegions = (
				en,
				Base,
			);
			mainGroup = B5B1CD6828D4638F00ABF35F;
			productRefGroup = B5B1CD7228D4638F00ABF35F /* Products */;
			projectDirPath = "";
			projectRoot = "";
			targets = (
				B5B1CD7028D4638F00ABF35F /* app-swoosh */,
			);
		};
/* End PBXProject section */

/* Begin PBXResourcesBuildPhase section */
		B5B1CD6F28D4638F00ABF35F /* Resources */ = {
			isa = PBXResourcesBuildPhase;
			buildActionMask = 2147483647;
			files = (
				B5B1CD8128D4639100ABF35F /* LaunchScreen.storyboard in Resources */,
				B5B1CD7E28D4639100ABF35F /* Assets.xcassets in Resources */,
				B5B1CD7C28D4638F00ABF35F /* Main.storyboard in Resources */,
			);
			runOnlyForDeploymentPostprocessing = 0;
		};
/* End PBXResourcesBuildPhase section */

/* Begin PBXSourcesBuildPhase section */
		B5B1CD6D28D4638F00ABF35F /* Sources */ = {
			isa = PBXSourcesBuildPhase;
			buildActionMask = 2147483647;
			files = (
				B5D40A3028D5E3C8008588F3 /* LeagueVC.swift in Sources */,
				B5B1CD7928D4638F00ABF35F /* WelcomeVC.swift in Sources */,
				B5B1CD7528D4638F00ABF35F /* AppDelegate.swift in Sources */,
				B5B1CD7728D4638F00ABF35F /* SceneDelegate.swift in Sources */,
				B5D40A3628D6005A008588F3 /* Player.swift in Sources */,
				B5D40A3228D5E3E7008588F3 /* SkillVC.swift in Sources */,
				B5B1CD8A28D474AB00ABF35F /* BorderButton.swift in Sources */,
			);
			runOnlyForDeploymentPostprocessing = 0;
		};
/* End PBXSourcesBuildPhase section */

/* Begin PBXVariantGroup section */
		B5B1CD7A28D4638F00ABF35F /* Main.storyboard */ = {
			isa = PBXVariantGroup;
			children = (
				B5B1CD7B28D4638F00ABF35F /* Base */,
			);
			name = Main.storyboard;
			sourceTree = "<group>";
		};
		B5B1CD7F28D4639100ABF35F /* LaunchScreen.storyboard */ = {
			isa = PBXVariantGroup;
			children = (
				B5B1CD8028D4639100ABF35F /* Base */,
			);
			name = LaunchScreen.storyboard;
			sourceTree = "<group>";
		};
/* End PBXVariantGroup section */

/* Begin XCBuildConfiguration section */
		B5B1CD8328D4639100ABF35F /* Debug */ = {
			isa = XCBuildConfiguration;
			buildSettings = {
				ALWAYS_SEARCH_USER_PATHS = NO;
				CLANG_ANALYZER_NONNULL = YES;
				CLANG_ANALYZER_NUMBER_OBJECT_CONVERSION = YES_AGGRESSIVE;
				CLANG_CXX_LANGUAGE_STANDARD = "gnu++17";
				CLANG_ENABLE_MODULES = YES;
				CLANG_ENABLE_OBJC_ARC = YES;
				CLANG_ENABLE_OBJC_WEAK = YES;
				CLANG_WARN_BLOCK_CAPTURE_AUTORELEASING = YES;
				CLANG_WARN_BOOL_CONVERSION = YES;
				CLANG_WARN_COMMA = YES;
				CLANG_WARN_CONSTANT_CONVERSION = YES;
				CLANG_WARN_DEPRECATED_OBJC_IMPLEMENTATIONS = YES;
				CLANG_WARN_DIRECT_OBJC_ISA_USAGE = YES_ERROR;
				CLANG_WARN_DOCUMENTATION_COMMENTS = YES;
				CLANG_WARN_EMPTY_BODY = YES;
				CLANG_WARN_ENUM_CONVERSION = YES;
				CLANG_WARN_INFINITE_RECURSION = YES;
				CLANG_WARN_INT_CONVERSION = YES;
				CLANG_WARN_NON_LITERAL_NULL_CONVERSION = YES;
				CLANG_WARN_OBJC_IMPLICIT_RETAIN_SELF = YES;
				CLANG_WARN_OBJC_LITERAL_CONVERSION = YES;
				CLANG_WARN_OBJC_ROOT_CLASS = YES_ERROR;
				CLANG_WARN_QUOTED_INCLUDE_IN_FRAMEWORK_HEADER = YES;
				CLANG_WARN_RANGE_LOOP_ANALYSIS = YES;
				CLANG_WARN_STRICT_PROTOTYPES = YES;
				CLANG_WARN_SUSPICIOUS_MOVE = YES;
				CLANG_WARN_UNGUARDED_AVAILABILITY = YES_AGGRESSIVE;
				CLANG_WARN_UNREACHABLE_CODE = YES;
				CLANG_WARN__DUPLICATE_METHOD_MATCH = YES;
				COPY_PHASE_STRIP = NO;
				DEBUG_INFORMATION_FORMAT = dwarf;
				ENABLE_STRICT_OBJC_MSGSEND = YES;
				ENABLE_TESTABILITY = YES;
				GCC_C_LANGUAGE_STANDARD = gnu11;
				GCC_DYNAMIC_NO_PIC = NO;
				GCC_NO_COMMON_BLOCKS = YES;
				GCC_OPTIMIZATION_LEVEL = 0;
				GCC_PREPROCESSOR_DEFINITIONS = (
					"DEBUG=1",
					"$(inherited)",
				);
				GCC_WARN_64_TO_32_BIT_CONVERSION = YES;
				GCC_WARN_ABOUT_RETURN_TYPE = YES_ERROR;
				GCC_WARN_UNDECLARED_SELECTOR = YES;
				GCC_WARN_UNINITIALIZED_AUTOS = YES_AGGRESSIVE;
				GCC_WARN_UNUSED_FUNCTION = YES;
				GCC_WARN_UNUSED_VARIABLE = YES;
				IPHONEOS_DEPLOYMENT_TARGET = 15.5;
				MTL_ENABLE_DEBUG_INFO = INCLUDE_SOURCE;
				MTL_FAST_MATH = YES;
				ONLY_ACTIVE_ARCH = YES;
				SDKROOT = iphoneos;
				SWIFT_ACTIVE_COMPILATION_CONDITIONS = DEBUG;
				SWIFT_OPTIMIZATION_LEVEL = "-Onone";
			};
			name = Debug;
		};
		B5B1CD8428D4639100ABF35F /* Release */ = {
			isa = XCBuildConfiguration;
			buildSettings = {
				ALWAYS_SEARCH_USER_PATHS = NO;
				CLANG_ANALYZER_NONNULL = YES;
				CLANG_ANALYZER_NUMBER_OBJECT_CONVERSION = YES_AGGRESSIVE;
				CLANG_CXX_LANGUAGE_STANDARD = "gnu++17";
				CLANG_ENABLE_MODULES = YES;
				CLANG_ENABLE_OBJC_ARC = YES;
				CLANG_ENABLE_OBJC_WEAK = YES;
				CLANG_WARN_BLOCK_CAPTURE_AUTORELEASING = YES;
				CLANG_WARN_BOOL_CONVERSION = YES;
				CLANG_WARN_COMMA = YES;
				CLANG_WARN_CONSTANT_CONVERSION = YES;
				CLANG_WARN_DEPRECATED_OBJC_IMPLEMENTATIONS = YES;
				CLANG_WARN_DIRECT_OBJC_ISA_USAGE = YES_ERROR;
				CLANG_WARN_DOCUMENTATION_COMMENTS = YES;
				CLANG_WARN_EMPTY_BODY = YES;
				CLANG_WARN_ENUM_CONVERSION = YES;
				CLANG_WARN_INFINITE_RECURSION = YES;
				CLANG_WARN_INT_CONVERSION = YES;
				CLANG_WARN_NON_LITERAL_NULL_CONVERSION = YES;
				CLANG_WARN_OBJC_IMPLICIT_RETAIN_SELF = YES;
				CLANG_WARN_OBJC_LITERAL_CONVERSION = YES;
				CLANG_WARN_OBJC_ROOT_CLASS = YES_ERROR;
				CLANG_WARN_QUOTED_INCLUDE_IN_FRAMEWORK_HEADER = YES;
				CLANG_WARN_RANGE_LOOP_ANALYSIS = YES;
				CLANG_WARN_STRICT_PROTOTYPES = YES;
				CLANG_WARN_SUSPICIOUS_MOVE = YES;
				CLANG_WARN_UNGUARDED_AVAILABILITY = YES_AGGRESSIVE;
				CLANG_WARN_UNREACHABLE_CODE = YES;
				CLANG_WARN__DUPLICATE_METHOD_MATCH = YES;
				COPY_PHASE_STRIP = NO;
				DEBUG_INFORMATION_FORMAT = "dwarf-with-dsym";
				ENABLE_NS_ASSERTIONS = NO;
				ENABLE_STRICT_OBJC_MSGSEND = YES;
				GCC_C_LANGUAGE_STANDARD = gnu11;
				GCC_NO_COMMON_BLOCKS = YES;
				GCC_WARN_64_TO_32_BIT_CONVERSION = YES;
				GCC_WARN_ABOUT_RETURN_TYPE = YES_ERROR;
				GCC_WARN_UNDECLARED_SELECTOR = YES;
				GCC_WARN_UNINITIALIZED_AUTOS = YES_AGGRESSIVE;
				GCC_WARN_UNUSED_FUNCTION = YES;
				GCC_WARN_UNUSED_VARIABLE = YES;
				IPHONEOS_DEPLOYMENT_TARGET = 15.5;
				MTL_ENABLE_DEBUG_INFO = NO;
				MTL_FAST_MATH = YES;
				SDKROOT = iphoneos;
				SWIFT_COMPILATION_MODE = wholemodule;
				SWIFT_OPTIMIZATION_LEVEL = "-O";
				VALIDATE_PRODUCT = YES;
			};
			name = Release;
		};
		B5B1CD8628D4639100ABF35F /* Debug */ = {
			isa = XCBuildConfiguration;
			buildSettings = {
				ASSETCATALOG_COMPILER_APPICON_NAME = AppIcon;
				ASSETCATALOG_COMPILER_GLOBAL_ACCENT_COLOR_NAME = AccentColor;
				CODE_SIGN_STYLE = Automatic;
				CURRENT_PROJECT_VERSION = 1;
				GENERATE_INFOPLIST_FILE = YES;
				INFOPLIST_FILE = "app-swoosh/Info.plist";
				INFOPLIST_KEY_UIApplicationSupportsIndirectInputEvents = YES;
				INFOPLIST_KEY_UILaunchStoryboardName = LaunchScreen;
				INFOPLIST_KEY_UIMainStoryboardFile = Main;
				INFOPLIST_KEY_UISupportedInterfaceOrientations_iPad = "UIInterfaceOrientationPortrait UIInterfaceOrientationPortraitUpsideDown UIInterfaceOrientationLandscapeLeft UIInterfaceOrientationLandscapeRight";
				INFOPLIST_KEY_UISupportedInterfaceOrientations_iPhone = "UIInterfaceOrientationPortrait UIInterfaceOrientationLandscapeLeft UIInterfaceOrientationLandscapeRight";
				LD_RUNPATH_SEARCH_PATHS = (
					"$(inherited)",
					"@executable_path/Frameworks",
				);
				MARKETING_VERSION = 1.0;
				PRODUCT_BUNDLE_IDENTIFIER = "com.hackingwithswift.app-swoosh";
				PRODUCT_NAME = "$(TARGET_NAME)";
				SWIFT_EMIT_LOC_STRINGS = YES;
				SWIFT_VERSION = 5.0;
				TARGETED_DEVICE_FAMILY = "1,2";
			};
			name = Debug;
		};
		B5B1CD8728D4639100ABF35F /* Release */ = {
			isa = XCBuildConfiguration;
			buildSettings = {
				ASSETCATALOG_COMPILER_APPICON_NAME = AppIcon;
				ASSETCATALOG_COMPILER_GLOBAL_ACCENT_COLOR_NAME = AccentColor;
				CODE_SIGN_STYLE = Automatic;
				CURRENT_PROJECT_VERSION = 1;
				GENERATE_INFOPLIST_FILE = YES;
				INFOPLIST_FILE = "app-swoosh/Info.plist";
				INFOPLIST_KEY_UIApplicationSupportsIndirectInputEvents = YES;
				INFOPLIST_KEY_UILaunchStoryboardName = LaunchScreen;
				INFOPLIST_KEY_UIMainStoryboardFile = Main;
				INFOPLIST_KEY_UISupportedInterfaceOrientations_iPad = "UIInterfaceOrientationPortrait UIInterfaceOrientationPortraitUpsideDown UIInterfaceOrientationLandscapeLeft UIInterfaceOrientationLandscapeRight";
				INFOPLIST_KEY_UISupportedInterfaceOrientations_iPhone = "UIInterfaceOrientationPortrait UIInterfaceOrientationLandscapeLeft UIInterfaceOrientationLandscapeRight";
				LD_RUNPATH_SEARCH_PATHS = (
					"$(inherited)",
					"@executable_path/Frameworks",
				);
				MARKETING_VERSION = 1.0;
				PRODUCT_BUNDLE_IDENTIFIER = "com.hackingwithswift.app-swoosh";
				PRODUCT_NAME = "$(TARGET_NAME)";
				SWIFT_EMIT_LOC_STRINGS = YES;
				SWIFT_VERSION = 5.0;
				TARGETED_DEVICE_FAMILY = "1,2";
			};
			name = Release;
		};
/* End XCBuildConfiguration section */

/* Begin XCConfigurationList section */
		B5B1CD6C28D4638F00ABF35F /* Build configuration list for PBXProject "app-swoosh" */ = {
			isa = XCConfigurationList;
			buildConfigurations = (
				B5B1CD8328D4639100ABF35F /* Debug */,
				B5B1CD8428D4639100ABF35F /* Release */,
			);
			defaultConfigurationIsVisible = 0;
			defaultConfigurationName = Release;
		};
		B5B1CD8528D4639100ABF35F /* Build configuration list for PBXNativeTarget "app-swoosh" */ = {
			isa = XCConfigurationList;
			buildConfigurations = (
				B5B1CD8628D4639100ABF35F /* Debug */,
				B5B1CD8728D4639100ABF35F /* Release */,
			);
			defaultConfigurationIsVisible = 0;
			defaultConfigurationName = Release;
		};
/* End XCConfigurationList section */
	};
	rootObject = B5B1CD6928D4638F00ABF35F /* Project object */;
}
